
Microsoft Visual Studio Solution File, Format Version 12.00
# Visual Studio Version 17
VisualStudioVersion = 17.10.35027.167
MinimumVisualStudioVersion = 10.0.40219.1
Project("{FAE04EC0-301F-11D3-BF4B-00C04F79EFBC}") = "HealthNet.Business", "HealthNet.Business.csproj", "{50308997-57EA-45BC-A034-7EC0244DC4B7}"
EndProject
Project("{FAE04EC0-301F-11D3-BF4B-00C04F79EFBC}") = "HealthNet.BL", "..\HealthNet.BL\HealthNet.BL.csproj", "{2025E42C-41A9-4C05-8BB6-F5101AB55EB4}"
EndProject
Project("{FAE04EC0-301F-11D3-BF4B-00C04F79EFBC}") = "HealthNet.DAL", "..\HealthNet.DAL\HealthNet.DAL.csproj", "{B3EED1B6-983C-444D-BDD1-55597F27C8C1}"
EndProject
Global
	GlobalSection(SolutionConfigurationPlatforms) = preSolution
		Debug|Any CPU = Debug|Any CPU
		Release|Any CPU = Release|Any CPU
	EndGlobalSection
	GlobalSection(ProjectConfigurationPlatforms) = postSolution
		{50308997-57EA-45BC-A034-7EC0244DC4B7}.Debug|Any CPU.ActiveCfg = Debug|Any CPU
		{50308997-57EA-45BC-A034-7EC0244DC4B7}.Debug|Any CPU.Build.0 = Debug|Any CPU
		{50308997-57EA-45BC-A034-7EC0244DC4B7}.Release|Any CPU.ActiveCfg = Release|Any CPU
		{50308997-57EA-45BC-A034-7EC0244DC4B7}.Release|Any CPU.Build.0 = Release|Any CPU
		{2025E42C-41A9-4C05-8BB6-F5101AB55EB4}.Debug|Any CPU.ActiveCfg = Debug|Any CPU
		{2025E42C-41A9-4C05-8BB6-F5101AB55EB4}.Debug|Any CPU.Build.0 = Debug|Any CPU
		{2025E42C-41A9-4C05-8BB6-F5101AB55EB4}.Release|Any CPU.ActiveCfg = Release|Any CPU
		{2025E42C-41A9-4C05-8BB6-F5101AB55EB4}.Release|Any CPU.Build.0 = Release|Any CPU
		{B3EED1B6-983C-444D-BDD1-55597F27C8C1}.Debug|Any CPU.ActiveCfg = Debug|Any CPU
		{B3EED1B6-983C-444D-BDD1-55597F27C8C1}.Debug|Any CPU.Build.0 = Debug|Any CPU
		{B3EED1B6-983C-444D-BDD1-55597F27C8C1}.Release|Any CPU.ActiveCfg = Release|Any CPU
		{B3EED1B6-983C-444D-BDD1-55597F27C8C1}.Release|Any CPU.Build.0 = Release|Any CPU
	EndGlobalSection
	GlobalSection(SolutionProperties) = preSolution
		HideSolutionNode = FALSE
	EndGlobalSection
	GlobalSection(ExtensibilityGlobals) = postSolution
		SolutionGuid = {10AAA179-F31B-4A37-9678-9A037E8EB078}
	EndGlobalSection
EndGlobal
